
Microsoft Visual Studio Solution File, Format Version 12.00
# Visual Studio 15
VisualStudioVersion = 15.0.28307.489
MinimumVisualStudioVersion = 10.0.40219.1
Project("{FAE04EC0-301F-11D3-BF4B-00C04F79EFBC}") = "XamarinFormMongo.Android", "XamarinFormMongo\XamarinFormMongo.Android\XamarinFormMongo.Android.csproj", "{24CE3C36-16B9-426D-AA0C-5961ECF8D88C}"
EndProject
Project("{FAE04EC0-301F-11D3-BF4B-00C04F79EFBC}") = "XamarinFormMongo.iOS", "XamarinFormMongo\XamarinFormMongo.iOS\XamarinFormMongo.iOS.csproj", "{929CE0AF-A16D-4E46-A09D-35AF19D4D744}"
EndProject
Project("{FAE04EC0-301F-11D3-BF4B-00C04F79EFBC}") = "XamarinFormMongo.UWP", "XamarinFormMongo\XamarinFormMongo.UWP\XamarinFormMongo.UWP.csproj", "{E5FB927A-4B76-4F28-928C-18DEA9B44E44}"
EndProject
Project("{FAE04EC0-301F-11D3-BF4B-00C04F79EFBC}") = "XamarinFormMongo.MobileAppService", "XamarinFormMongo\XamarinFormMongo.MobileAppService\XamarinFormMongo.MobileAppService.csproj", "{C40FC1FC-F674-44A0-93F9-CC55ABAC2A6B}"
EndProject
Project("{FAE04EC0-301F-11D3-BF4B-00C04F79EFBC}") = "XamarinFormMongo", "XamarinFormMongo\XamarinFormMongo\XamarinFormMongo.csproj", "{B478E44B-9B31-47F4-83C8-1ED27D0CC1B9}"
EndProject
Global
	GlobalSection(SolutionConfigurationPlatforms) = preSolution
		Debug|Any CPU = Debug|Any CPU
		Debug|ARM = Debug|ARM
		Debug|iPhone = Debug|iPhone
		Debug|iPhoneSimulator = Debug|iPhoneSimulator
		Debug|x64 = Debug|x64
		Debug|x86 = Debug|x86
		Release|Any CPU = Release|Any CPU
		Release|ARM = Release|ARM
		Release|iPhone = Release|iPhone
		Release|iPhoneSimulator = Release|iPhoneSimulator
		Release|x64 = Release|x64
		Release|x86 = Release|x86
	EndGlobalSection
	GlobalSection(ProjectConfigurationPlatforms) = postSolution
		{24CE3C36-16B9-426D-AA0C-5961ECF8D88C}.Debug|Any CPU.ActiveCfg = Debug|Any CPU
		{24CE3C36-16B9-426D-AA0C-5961ECF8D88C}.Debug|Any CPU.Build.0 = Debug|Any CPU
		{24CE3C36-16B9-426D-AA0C-5961ECF8D88C}.Debug|Any CPU.Deploy.0 = Debug|Any CPU
		{24CE3C36-16B9-426D-AA0C-5961ECF8D88C}.Debug|ARM.ActiveCfg = Debug|Any CPU
		{24CE3C36-16B9-426D-AA0C-5961ECF8D88C}.Debug|ARM.Build.0 = Debug|Any CPU
		{24CE3C36-16B9-426D-AA0C-5961ECF8D88C}.Debug|ARM.Deploy.0 = Debug|Any CPU
		{24CE3C36-16B9-426D-AA0C-5961ECF8D88C}.Debug|iPhone.ActiveCfg = Debug|Any CPU
		{24CE3C36-16B9-426D-AA0C-5961ECF8D88C}.Debug|iPhone.Build.0 = Debug|Any CPU
		{24CE3C36-16B9-426D-AA0C-5961ECF8D88C}.Debug|iPhone.Deploy.0 = Debug|Any CPU
		{24CE3C36-16B9-426D-AA0C-5961ECF8D88C}.Debug|iPhoneSimulator.ActiveCfg = Debug|Any CPU
		{24CE3C36-16B9-426D-AA0C-5961ECF8D88C}.Debug|iPhoneSimulator.Build.0 = Debug|Any CPU
		{24CE3C36-16B9-426D-AA0C-5961ECF8D88C}.Debug|iPhoneSimulator.Deploy.0 = Debug|Any CPU
		{24CE3C36-16B9-426D-AA0C-5961ECF8D88C}.Debug|x64.ActiveCfg = Debug|Any CPU
		{24CE3C36-16B9-426D-AA0C-5961ECF8D88C}.Debug|x64.Build.0 = Debug|Any CPU
		{24CE3C36-16B9-426D-AA0C-5961ECF8D88C}.Debug|x64.Deploy.0 = Debug|Any CPU
		{24CE3C36-16B9-426D-AA0C-5961ECF8D88C}.Debug|x86.ActiveCfg = Debug|Any CPU
		{24CE3C36-16B9-426D-AA0C-5961ECF8D88C}.Debug|x86.Build.0 = Debug|Any CPU
		{24CE3C36-16B9-426D-AA0C-5961ECF8D88C}.Debug|x86.Deploy.0 = Debug|Any CPU
		{24CE3C36-16B9-426D-AA0C-5961ECF8D88C}.Release|Any CPU.ActiveCfg = Release|Any CPU
		{24CE3C36-16B9-426D-AA0C-5961ECF8D88C}.Release|Any CPU.Build.0 = Release|Any CPU
		{24CE3C36-16B9-426D-AA0C-5961ECF8D88C}.Release|Any CPU.Deploy.0 = Release|Any CPU
		{24CE3C36-16B9-426D-AA0C-5961ECF8D88C}.Release|ARM.ActiveCfg = Release|Any CPU
		{24CE3C36-16B9-426D-AA0C-5961ECF8D88C}.Release|ARM.Build.0 = Release|Any CPU
		{24CE3C36-16B9-426D-AA0C-5961ECF8D88C}.Release|ARM.Deploy.0 = Release|Any CPU
		{24CE3C36-16B9-426D-AA0C-5961ECF8D88C}.Release|iPhone.ActiveCfg = Release|Any CPU
		{24CE3C36-16B9-426D-AA0C-5961ECF8D88C}.Release|iPhone.Build.0 = Release|Any CPU
		{24CE3C36-16B9-426D-AA0C-5961ECF8D88C}.Release|iPhone.Deploy.0 = Release|Any CPU
		{24CE3C36-16B9-426D-AA0C-5961ECF8D88C}.Release|iPhoneSimulator.ActiveCfg = Release|Any CPU
		{24CE3C36-16B9-426D-AA0C-5961ECF8D88C}.Release|iPhoneSimulator.Build.0 = Release|Any CPU
		{24CE3C36-16B9-426D-AA0C-5961ECF8D88C}.Release|iPhoneSimulator.Deploy.0 = Release|Any CPU
		{24CE3C36-16B9-426D-AA0C-5961ECF8D88C}.Release|x64.ActiveCfg = Release|Any CPU
		{24CE3C36-16B9-426D-AA0C-5961ECF8D88C}.Release|x64.Build.0 = Release|Any CPU
		{24CE3C36-16B9-426D-AA0C-5961ECF8D88C}.Release|x64.Deploy.0 = Release|Any CPU
		{24CE3C36-16B9-426D-AA0C-5961ECF8D88C}.Release|x86.ActiveCfg = Release|Any CPU
		{24CE3C36-16B9-426D-AA0C-5961ECF8D88C}.Release|x86.Build.0 = Release|Any CPU
		{24CE3C36-16B9-426D-AA0C-5961ECF8D88C}.Release|x86.Deploy.0 = Release|Any CPU
		{929CE0AF-A16D-4E46-A09D-35AF19D4D744}.Debug|Any CPU.ActiveCfg = Debug|iPhoneSimulator
		{929CE0AF-A16D-4E46-A09D-35AF19D4D744}.Debug|Any CPU.Build.0 = Debug|iPhoneSimulator
		{929CE0AF-A16D-4E46-A09D-35AF19D4D744}.Debug|Any CPU.Deploy.0 = Debug|iPhoneSimulator
		{929CE0AF-A16D-4E46-A09D-35AF19D4D744}.Debug|ARM.ActiveCfg = Debug|iPhone
		{929CE0AF-A16D-4E46-A09D-35AF19D4D744}.Debug|ARM.Build.0 = Debug|iPhone
		{929CE0AF-A16D-4E46-A09D-35AF19D4D744}.Debug|ARM.Deploy.0 = Debug|iPhone
		{929CE0AF-A16D-4E46-A09D-35AF19D4D744}.Debug|iPhone.ActiveCfg = Debug|iPhone
		{929CE0AF-A16D-4E46-A09D-35AF19D4D744}.Debug|iPhone.Build.0 = Debug|iPhone
		{929CE0AF-A16D-4E46-A09D-35AF19D4D744}.Debug|iPhone.Deploy.0 = Debug|iPhone
		{929CE0AF-A16D-4E46-A09D-35AF19D4D744}.Debug|iPhoneSimulator.ActiveCfg = Debug|iPhoneSimulator
		{929CE0AF-A16D-4E46-A09D-35AF19D4D744}.Debug|iPhoneSimulator.Build.0 = Debug|iPhoneSimulator
		{929CE0AF-A16D-4E46-A09D-35AF19D4D744}.Debug|iPhoneSimulator.Deploy.0 = Debug|iPhoneSimulator
		{929CE0AF-A16D-4E46-A09D-35AF19D4D744}.Debug|x64.ActiveCfg = Debug|iPhone
		{929CE0AF-A16D-4E46-A09D-35AF19D4D744}.Debug|x64.Build.0 = Debug|iPhone
		{929CE0AF-A16D-4E46-A09D-35AF19D4D744}.Debug|x64.Deploy.0 = Debug|iPhone
		{929CE0AF-A16D-4E46-A09D-35AF19D4D744}.Debug|x86.ActiveCfg = Debug|iPhone
		{929CE0AF-A16D-4E46-A09D-35AF19D4D744}.Debug|x86.Build.0 = Debug|iPhone
		{929CE0AF-A16D-4E46-A09D-35AF19D4D744}.Debug|x86.Deploy.0 = Debug|iPhone
		{929CE0AF-A16D-4E46-A09D-35AF19D4D744}.Release|Any CPU.ActiveCfg = Release|iPhone
		{929CE0AF-A16D-4E46-A09D-35AF19D4D744}.Release|Any CPU.Build.0 = Release|iPhone
		{929CE0AF-A16D-4E46-A09D-35AF19D4D744}.Release|Any CPU.Deploy.0 = Release|iPhone
		{929CE0AF-A16D-4E46-A09D-35AF19D4D744}.Release|ARM.ActiveCfg = Release|iPhone
		{929CE0AF-A16D-4E46-A09D-35AF19D4D744}.Release|ARM.Build.0 = Release|iPhone
		{929CE0AF-A16D-4E46-A09D-35AF19D4D744}.Release|ARM.Deploy.0 = Release|iPhone
		{929CE0AF-A16D-4E46-A09D-35AF19D4D744}.Release|iPhone.ActiveCfg = Release|iPhone
		{929CE0AF-A16D-4E46-A09D-35AF19D4D744}.Release|iPhone.Build.0 = Release|iPhone
		{929CE0AF-A16D-4E46-A09D-35AF19D4D744}.Release|iPhone.Deploy.0 = Release|iPhone
		{929CE0AF-A16D-4E46-A09D-35AF19D4D744}.Release|iPhoneSimulator.ActiveCfg = Release|iPhoneSimulator
		{929CE0AF-A16D-4E46-A09D-35AF19D4D744}.Release|iPhoneSimulator.Build.0 = Release|iPhoneSimulator
		{929CE0AF-A16D-4E46-A09D-35AF19D4D744}.Release|iPhoneSimulator.Deploy.0 = Release|iPhoneSimulator
		{929CE0AF-A16D-4E46-A09D-35AF19D4D744}.Release|x64.ActiveCfg = Release|iPhone
		{929CE0AF-A16D-4E46-A09D-35AF19D4D744}.Release|x64.Build.0 = Release|iPhone
		{929CE0AF-A16D-4E46-A09D-35AF19D4D744}.Release|x64.Deploy.0 = Release|iPhone
		{929CE0AF-A16D-4E46-A09D-35AF19D4D744}.Release|x86.ActiveCfg = Release|iPhone
		{929CE0AF-A16D-4E46-A09D-35AF19D4D744}.Release|x86.Build.0 = Release|iPhone
		{929CE0AF-A16D-4E46-A09D-35AF19D4D744}.Release|x86.Deploy.0 = Release|iPhone
		{E5FB927A-4B76-4F28-928C-18DEA9B44E44}.Debug|Any CPU.ActiveCfg = Debug|x86
		{E5FB927A-4B76-4F28-928C-18DEA9B44E44}.Debug|Any CPU.Build.0 = Debug|x86
		{E5FB927A-4B76-4F28-928C-18DEA9B44E44}.Debug|Any CPU.Deploy.0 = Debug|x86
		{E5FB927A-4B76-4F28-928C-18DEA9B44E44}.Debug|ARM.ActiveCfg = Debug|ARM
		{E5FB927A-4B76-4F28-928C-18DEA9B44E44}.Debug|ARM.Build.0 = Debug|ARM
		{E5FB927A-4B76-4F28-928C-18DEA9B44E44}.Debug|ARM.Deploy.0 = Debug|ARM
		{E5FB927A-4B76-4F28-928C-18DEA9B44E44}.Debug|iPhone.ActiveCfg = Debug|x86
		{E5FB927A-4B76-4F28-928C-18DEA9B44E44}.Debug|iPhone.Build.0 = Debug|x86
		{E5FB927A-4B76-4F28-928C-18DEA9B44E44}.Debug|iPhone.Deploy.0 = Debug|x86
		{E5FB927A-4B76-4F28-928C-18DEA9B44E44}.Debug|iPhoneSimulator.ActiveCfg = Debug|x86
		{E5FB927A-4B76-4F28-928C-18DEA9B44E44}.Debug|iPhoneSimulator.Build.0 = Debug|x86
		{E5FB927A-4B76-4F28-928C-18DEA9B44E44}.Debug|iPhoneSimulator.Deploy.0 = Debug|x86
		{E5FB927A-4B76-4F28-928C-18DEA9B44E44}.Debug|x64.ActiveCfg = Debug|x64
		{E5FB927A-4B76-4F28-928C-18DEA9B44E44}.Debug|x64.Build.0 = Debug|x64
		{E5FB927A-4B76-4F28-928C-18DEA9B44E44}.Debug|x64.Deploy.0 = Debug|x64
		{E5FB927A-4B76-4F28-928C-18DEA9B44E44}.Debug|x86.ActiveCfg = Debug|x86
		{E5FB927A-4B76-4F28-928C-18DEA9B44E44}.Debug|x86.Build.0 = Debug|x86
		{E5FB927A-4B76-4F28-928C-18DEA9B44E44}.Debug|x86.Deploy.0 = Debug|x86
		{E5FB927A-4B76-4F28-928C-18DEA9B44E44}.Release|Any CPU.ActiveCfg = Release|x86
		{E5FB927A-4B76-4F28-928C-18DEA9B44E44}.Release|Any CPU.Build.0 = Release|x86
		{E5FB927A-4B76-4F28-928C-18DEA9B44E44}.Release|Any CPU.Deploy.0 = Release|x86
		{E5FB927A-4B76-4F28-928C-18DEA9B44E44}.Release|ARM.ActiveCfg = Release|ARM
		{E5FB927A-4B76-4F28-928C-18DEA9B44E44}.Release|ARM.Build.0 = Release|ARM
		{E5FB927A-4B76-4F28-928C-18DEA9B44E44}.Release|ARM.Deploy.0 = Release|ARM
		{E5FB927A-4B76-4F28-928C-18DEA9B44E44}.Release|iPhone.ActiveCfg = Release|x86
		{E5FB927A-4B76-4F28-928C-18DEA9B44E44}.Release|iPhone.Build.0 = Release|x86
		{E5FB927A-4B76-4F28-928C-18DEA9B44E44}.Release|iPhone.Deploy.0 = Release|x86
		{E5FB927A-4B76-4F28-928C-18DEA9B44E44}.Release|iPhoneSimulator.ActiveCfg = Release|x86
		{E5FB927A-4B76-4F28-928C-18DEA9B44E44}.Release|iPhoneSimulator.Build.0 = Release|x86
		{E5FB927A-4B76-4F28-928C-18DEA9B44E44}.Release|iPhoneSimulator.Deploy.0 = Release|x86
		{E5FB927A-4B76-4F28-928C-18DEA9B44E44}.Release|x64.ActiveCfg = Release|x64
		{E5FB927A-4B76-4F28-928C-18DEA9B44E44}.Release|x64.Build.0 = Release|x64
		{E5FB927A-4B76-4F28-928C-18DEA9B44E44}.Release|x64.Deploy.0 = Release|x64
		{E5FB927A-4B76-4F28-928C-18DEA9B44E44}.Release|x86.ActiveCfg = Release|x86
		{E5FB927A-4B76-4F28-928C-18DEA9B44E44}.Release|x86.Build.0 = Release|x86
		{E5FB927A-4B76-4F28-928C-18DEA9B44E44}.Release|x86.Deploy.0 = Release|x86
		{C40FC1FC-F674-44A0-93F9-CC55ABAC2A6B}.Debug|Any CPU.ActiveCfg = Debug|Any CPU
		{C40FC1FC-F674-44A0-93F9-CC55ABAC2A6B}.Debug|Any CPU.Build.0 = Debug|Any CPU
		{C40FC1FC-F674-44A0-93F9-CC55ABAC2A6B}.Debug|Any CPU.Deploy.0 = Debug|Any CPU
		{C40FC1FC-F674-44A0-93F9-CC55ABAC2A6B}.Debug|ARM.ActiveCfg = Debug|Any CPU
		{C40FC1FC-F674-44A0-93F9-CC55ABAC2A6B}.Debug|ARM.Build.0 = Debug|Any CPU
		{C40FC1FC-F674-44A0-93F9-CC55ABAC2A6B}.Debug|ARM.Deploy.0 = Debug|Any CPU
		{C40FC1FC-F674-44A0-93F9-CC55ABAC2A6B}.Debug|iPhone.ActiveCfg = Debug|Any CPU
		{C40FC1FC-F674-44A0-93F9-CC55ABAC2A6B}.Debug|iPhone.Build.0 = Debug|Any CPU
		{C40FC1FC-F674-44A0-93F9-CC55ABAC2A6B}.Debug|iPhone.Deploy.0 = Debug|Any CPU
		{C40FC1FC-F674-44A0-93F9-CC55ABAC2A6B}.Debug|iPhoneSimulator.ActiveCfg = Debug|Any CPU
		{C40FC1FC-F674-44A0-93F9-CC55ABAC2A6B}.Debug|iPhoneSimulator.Build.0 = Debug|Any CPU
		{C40FC1FC-F674-44A0-93F9-CC55ABAC2A6B}.Debug|iPhoneSimulator.Deploy.0 = Debug|Any CPU
		{C40FC1FC-F674-44A0-93F9-CC55ABAC2A6B}.Debug|x64.ActiveCfg = Debug|Any CPU
		{C40FC1FC-F674-44A0-93F9-CC55ABAC2A6B}.Debug|x64.Build.0 = Debug|Any CPU
		{C40FC1FC-F674-44A0-93F9-CC55ABAC2A6B}.Debug|x64.Deploy.0 = Debug|Any CPU
		{C40FC1FC-F674-44A0-93F9-CC55ABAC2A6B}.Debug|x86.ActiveCfg = Debug|Any CPU
		{C40FC1FC-F674-44A0-93F9-CC55ABAC2A6B}.Debug|x86.Build.0 = Debug|Any CPU
		{C40FC1FC-F674-44A0-93F9-CC55ABAC2A6B}.Debug|x86.Deploy.0 = Debug|Any CPU
		{C40FC1FC-F674-44A0-93F9-CC55ABAC2A6B}.Release|Any CPU.ActiveCfg = Release|Any CPU
		{C40FC1FC-F674-44A0-93F9-CC55ABAC2A6B}.Release|Any CPU.Build.0 = Release|Any CPU
		{C40FC1FC-F674-44A0-93F9-CC55ABAC2A6B}.Release|Any CPU.Deploy.0 = Release|Any CPU
		{C40FC1FC-F674-44A0-93F9-CC55ABAC2A6B}.Release|ARM.ActiveCfg = Release|Any CPU
		{C40FC1FC-F674-44A0-93F9-CC55ABAC2A6B}.Release|ARM.Build.0 = Release|Any CPU
		{C40FC1FC-F674-44A0-93F9-CC55ABAC2A6B}.Release|ARM.Deploy.0 = Release|Any CPU
		{C40FC1FC-F674-44A0-93F9-CC55ABAC2A6B}.Release|iPhone.ActiveCfg = Release|Any CPU
		{C40FC1FC-F674-44A0-93F9-CC55ABAC2A6B}.Release|iPhone.Build.0 = Release|Any CPU
		{C40FC1FC-F674-44A0-93F9-CC55ABAC2A6B}.Release|iPhone.Deploy.0 = Release|Any CPU
		{C40FC1FC-F674-44A0-93F9-CC55ABAC2A6B}.Release|iPhoneSimulator.ActiveCfg = Release|Any CPU
		{C40FC1FC-F674-44A0-93F9-CC55ABAC2A6B}.Release|iPhoneSimulator.Build.0 = Release|Any CPU
		{C40FC1FC-F674-44A0-93F9-CC55ABAC2A6B}.Release|iPhoneSimulator.Deploy.0 = Release|Any CPU
		{C40FC1FC-F674-44A0-93F9-CC55ABAC2A6B}.Release|x64.ActiveCfg = Release|Any CPU
		{C40FC1FC-F674-44A0-93F9-CC55ABAC2A6B}.Release|x64.Build.0 = Release|Any CPU
		{C40FC1FC-F674-44A0-93F9-CC55ABAC2A6B}.Release|x64.Deploy.0 = Release|Any CPU
		{C40FC1FC-F674-44A0-93F9-CC55ABAC2A6B}.Release|x86.ActiveCfg = Release|Any CPU
		{C40FC1FC-F674-44A0-93F9-CC55ABAC2A6B}.Release|x86.Build.0 = Release|Any CPU
		{C40FC1FC-F674-44A0-93F9-CC55ABAC2A6B}.Release|x86.Deploy.0 = Release|Any CPU
		{B478E44B-9B31-47F4-83C8-1ED27D0CC1B9}.Debug|Any CPU.ActiveCfg = Debug|Any CPU
		{B478E44B-9B31-47F4-83C8-1ED27D0CC1B9}.Debug|Any CPU.Build.0 = Debug|Any CPU
		{B478E44B-9B31-47F4-83C8-1ED27D0CC1B9}.Debug|Any CPU.Deploy.0 = Debug|Any CPU
		{B478E44B-9B31-47F4-83C8-1ED27D0CC1B9}.Debug|ARM.ActiveCfg = Debug|Any CPU
		{B478E44B-9B31-47F4-83C8-1ED27D0CC1B9}.Debug|ARM.Build.0 = Debug|Any CPU
		{B478E44B-9B31-47F4-83C8-1ED27D0CC1B9}.Debug|ARM.Deploy.0 = Debug|Any CPU
		{B478E44B-9B31-47F4-83C8-1ED27D0CC1B9}.Debug|iPhone.ActiveCfg = Debug|Any CPU
		{B478E44B-9B31-47F4-83C8-1ED27D0CC1B9}.Debug|iPhone.Build.0 = Debug|Any CPU
		{B478E44B-9B31-47F4-83C8-1ED27D0CC1B9}.Debug|iPhone.Deploy.0 = Debug|Any CPU
		{B478E44B-9B31-47F4-83C8-1ED27D0CC1B9}.Debug|iPhoneSimulator.ActiveCfg = Debug|Any CPU
		{B478E44B-9B31-47F4-83C8-1ED27D0CC1B9}.Debug|iPhoneSimulator.Build.0 = Debug|Any CPU
		{B478E44B-9B31-47F4-83C8-1ED27D0CC1B9}.Debug|iPhoneSimulator.Deploy.0 = Debug|Any CPU
		{B478E44B-9B31-47F4-83C8-1ED27D0CC1B9}.Debug|x64.ActiveCfg = Debug|Any CPU
		{B478E44B-9B31-47F4-83C8-1ED27D0CC1B9}.Debug|x64.Build.0 = Debug|Any CPU
		{B478E44B-9B31-47F4-83C8-1ED27D0CC1B9}.Debug|x64.Deploy.0 = Debug|Any CPU
		{B478E44B-9B31-47F4-83C8-1ED27D0CC1B9}.Debug|x86.ActiveCfg = Debug|Any CPU
		{B478E44B-9B31-47F4-83C8-1ED27D0CC1B9}.Debug|x86.Build.0 = Debug|Any CPU
		{B478E44B-9B31-47F4-83C8-1ED27D0CC1B9}.Debug|x86.Deploy.0 = Debug|Any CPU
		{B478E44B-9B31-47F4-83C8-1ED27D0CC1B9}.Release|Any CPU.ActiveCfg = Release|Any CPU
		{B478E44B-9B31-47F4-83C8-1ED27D0CC1B9}.Release|Any CPU.Build.0 = Release|Any CPU
		{B478E44B-9B31-47F4-83C8-1ED27D0CC1B9}.Release|Any CPU.Deploy.0 = Release|Any CPU
		{B478E44B-9B31-47F4-83C8-1ED27D0CC1B9}.Release|ARM.ActiveCfg = Release|Any CPU
		{B478E44B-9B31-47F4-83C8-1ED27D0CC1B9}.Release|ARM.Build.0 = Release|Any CPU
		{B478E44B-9B31-47F4-83C8-1ED27D0CC1B9}.Release|ARM.Deploy.0 = Release|Any CPU
		{B478E44B-9B31-47F4-83C8-1ED27D0CC1B9}.Release|iPhone.ActiveCfg = Release|Any CPU
		{B478E44B-9B31-47F4-83C8-1ED27D0CC1B9}.Release|iPhone.Build.0 = Release|Any CPU
		{B478E44B-9B31-47F4-83C8-1ED27D0CC1B9}.Release|iPhone.Deploy.0 = Release|Any CPU
		{B478E44B-9B31-47F4-83C8-1ED27D0CC1B9}.Release|iPhoneSimulator.ActiveCfg = Release|Any CPU
		{B478E44B-9B31-47F4-83C8-1ED27D0CC1B9}.Release|iPhoneSimulator.Build.0 = Release|Any CPU
		{B478E44B-9B31-47F4-83C8-1ED27D0CC1B9}.Release|iPhoneSimulator.Deploy.0 = Release|Any CPU
		{B478E44B-9B31-47F4-83C8-1ED27D0CC1B9}.Release|x64.ActiveCfg = Release|Any CPU
		{B478E44B-9B31-47F4-83C8-1ED27D0CC1B9}.Release|x64.Build.0 = Release|Any CPU
		{B478E44B-9B31-47F4-83C8-1ED27D0CC1B9}.Release|x64.Deploy.0 = Release|Any CPU
		{B478E44B-9B31-47F4-83C8-1ED27D0CC1B9}.Release|x86.ActiveCfg = Release|Any CPU
		{B478E44B-9B31-47F4-83C8-1ED27D0CC1B9}.Release|x86.Build.0 = Release|Any CPU
		{B478E44B-9B31-47F4-83C8-1ED27D0CC1B9}.Release|x86.Deploy.0 = Release|Any CPU
	EndGlobalSection
	GlobalSection(SolutionProperties) = preSolution
		HideSolutionNode = FALSE
	EndGlobalSection
	GlobalSection(ExtensibilityGlobals) = postSolution
		SolutionGuid = {C2398EEF-606B-45A3-AA61-D21F2B3918D9}
	EndGlobalSection
EndGlobal
